// !$*UTF8*$!
{
	archiveVersion = 1;
	classes = {
	};
	objectVersion = 46;
	objects = {

/* Begin PBXBuildFile section */
		8C1C636F1BD35B7400E158F2 /* AppDelegate.swift in Sources */ = {isa = PBXBuildFile; fileRef = 8C1C636E1BD35B7400E158F2 /* AppDelegate.swift */; };
		8C1C63711BD35B7400E158F2 /* ViewController.swift in Sources */ = {isa = PBXBuildFile; fileRef = 8C1C63701BD35B7400E158F2 /* ViewController.swift */; };
		8C1C63741BD35B7400E158F2 /* Main.storyboard in Resources */ = {isa = PBXBuildFile; fileRef = 8C1C63721BD35B7400E158F2 /* Main.storyboard */; };
		8C1C63761BD35B7400E158F2 /* Assets.xcassets in Resources */ = {isa = PBXBuildFile; fileRef = 8C1C63751BD35B7400E158F2 /* Assets.xcassets */; };
		8C1C63791BD35B7400E158F2 /* LaunchScreen.storyboard in Resources */ = {isa = PBXBuildFile; fileRef = 8C1C63771BD35B7400E158F2 /* LaunchScreen.storyboard */; };
		8C1C63841BD35B7400E158F2 /* galleryTests.swift in Sources */ = {isa = PBXBuildFile; fileRef = 8C1C63831BD35B7400E158F2 /* galleryTests.swift */; };
		8C1C638F1BD35B7400E158F2 /* galleryUITests.swift in Sources */ = {isa = PBXBuildFile; fileRef = 8C1C638E1BD35B7400E158F2 /* galleryUITests.swift */; };
/* End PBXBuildFile section */

/* Begin PBXContainerItemProxy section */
		8C1C63801BD35B7400E158F2 /* PBXContainerItemProxy */ = {
			isa = PBXContainerItemProxy;
			containerPortal = 8C1C63631BD35B7300E158F2 /* Project object */;
			proxyType = 1;
			remoteGlobalIDString = 8C1C636A1BD35B7400E158F2;
			remoteInfo = gallery;
		};
		8C1C638B1BD35B7400E158F2 /* PBXContainerItemProxy */ = {
			isa = PBXContainerItemProxy;
			containerPortal = 8C1C63631BD35B7300E158F2 /* Project object */;
			proxyType = 1;
			remoteGlobalIDString = 8C1C636A1BD35B7400E158F2;
			remoteInfo = gallery;
		};
/* End PBXContainerItemProxy section */

/* Begin PBXFileReference section */
		8C1C636B1BD35B7400E158F2 /* gallery.app */ = {isa = PBXFileReference; explicitFileType = wrapper.application; includeInIndex = 0; path = gallery.app; sourceTree = BUILT_PRODUCTS_DIR; };
		8C1C636E1BD35B7400E158F2 /* AppDelegate.swift */ = {isa = PBXFileReference; lastKnownFileType = sourcecode.swift; path = AppDelegate.swift; sourceTree = "<group>"; };
		8C1C63701BD35B7400E158F2 /* ViewController.swift */ = {isa = PBXFileReference; lastKnownFileType = sourcecode.swift; path = ViewController.swift; sourceTree = "<group>"; };
		8C1C63731BD35B7400E158F2 /* Base */ = {isa = PBXFileReference; lastKnownFileType = file.storyboard; name = Base; path = Base.lproj/Main.storyboard; sourceTree = "<group>"; };
		8C1C63751BD35B7400E158F2 /* Assets.xcassets */ = {isa = PBXFileReference; lastKnownFileType = folder.assetcatalog; path = Assets.xcassets; sourceTree = "<group>"; };
		8C1C63781BD35B7400E158F2 /* Base */ = {isa = PBXFileReference; lastKnownFileType = file.storyboard; name = Base; path = Base.lproj/LaunchScreen.storyboard; sourceTree = "<group>"; };
		8C1C637A1BD35B7400E158F2 /* Info.plist */ = {isa = PBXFileReference; lastKnownFileType = text.plist.xml; path = Info.plist; sourceTree = "<group>"; };
		8C1C637F1BD35B7400E158F2 /* galleryTests.xctest */ = {isa = PBXFileReference; explicitFileType = wrapper.cfbundle; includeInIndex = 0; path = galleryTests.xctest; sourceTree = BUILT_PRODUCTS_DIR; };
		8C1C63831BD35B7400E158F2 /* galleryTests.swift */ = {isa = PBXFileReference; lastKnownFileType = sourcecode.swift; path = galleryTests.swift; sourceTree = "<group>"; };
		8C1C63851BD35B7400E158F2 /* Info.plist */ = {isa = PBXFileReference; lastKnownFileType = text.plist.xml; path = Info.plist; sourceTree = "<group>"; };
		8C1C638A1BD35B7400E158F2 /* galleryUITests.xctest */ = {isa = PBXFileReference; explicitFileType = wrapper.cfbundle; includeInIndex = 0; path = galleryUITests.xctest; sourceTree = BUILT_PRODUCTS_DIR; };
		8C1C638E1BD35B7400E158F2 /* galleryUITests.swift */ = {isa = PBXFileReference; lastKnownFileType = sourcecode.swift; path = galleryUITests.swift; sourceTree = "<group>"; };
		8C1C63901BD35B7400E158F2 /* Info.plist */ = {isa = PBXFileReference; lastKnownFileType = text.plist.xml; path = Info.plist; sourceTree = "<group>"; };
/* End PBXFileReference section */

/* Begin PBXFrameworksBuildPhase section */
		8C1C63681BD35B7400E158F2 /* Frameworks */ = {
			isa = PBXFrameworksBuildPhase;
			buildActionMask = 2147483647;
			files = (
			);
			runOnlyForDeploymentPostprocessing = 0;
		};
		8C1C637C1BD35B7400E158F2 /* Frameworks */ = {
			isa = PBXFrameworksBuildPhase;
			buildActionMask = 2147483647;
			files = (
			);
			runOnlyForDeploymentPostprocessing = 0;
		};
		8C1C63871BD35B7400E158F2 /* Frameworks */ = {
			isa = PBXFrameworksBuildPhase;
			buildActionMask = 2147483647;
			files = (
			);
			runOnlyForDeploymentPostprocessing = 0;
		};
/* End PBXFrameworksBuildPhase section */

/* Begin PBXGroup section */
		8C1C63621BD35B7300E158F2 = {
			isa = PBXGroup;
			children = (
				8C1C636D1BD35B7400E158F2 /* gallery */,
				8C1C63821BD35B7400E158F2 /* galleryTests */,
				8C1C638D1BD35B7400E158F2 /* galleryUITests */,
				8C1C636C1BD35B7400E158F2 /* Products */,
			);
			sourceTree = "<group>";
		};
		8C1C636C1BD35B7400E158F2 /* Products */ = {
			isa = PBXGroup;
			children = (
				8C1C636B1BD35B7400E158F2 /* gallery.app */,
				8C1C637F1BD35B7400E158F2 /* galleryTests.xctest */,
				8C1C638A1BD35B7400E158F2 /* galleryUITests.xctest */,
			);
			name = Products;
			sourceTree = "<group>";
		};
		8C1C636D1BD35B7400E158F2 /* gallery */ = {
			isa = PBXGroup;
			children = (
				8C1C636E1BD35B7400E158F2 /* AppDelegate.swift */,
				8C1C63701BD35B7400E158F2 /* ViewController.swift */,
				8C1C63721BD35B7400E158F2 /* Main.storyboard */,
				8C1C63751BD35B7400E158F2 /* Assets.xcassets */,
				8C1C63771BD35B7400E158F2 /* LaunchScreen.storyboard */,
				8C1C637A1BD35B7400E158F2 /* Info.plist */,
			);
			path = gallery;
			sourceTree = "<group>";
		};
		8C1C63821BD35B7400E158F2 /* galleryTests */ = {
			isa = PBXGroup;
			children = (
				8C1C63831BD35B7400E158F2 /* galleryTests.swift */,
				8C1C63851BD35B7400E158F2 /* Info.plist */,
			);
			path = galleryTests;
			sourceTree = "<group>";
		};
		8C1C638D1BD35B7400E158F2 /* galleryUITests */ = {
			isa = PBXGroup;
			children = (
				8C1C638E1BD35B7400E158F2 /* galleryUITests.swift */,
				8C1C63901BD35B7400E158F2 /* Info.plist */,
			);
			path = galleryUITests;
			sourceTree = "<group>";
		};
/* End PBXGroup section */

/* Begin PBXNativeTarget section */
		8C1C636A1BD35B7400E158F2 /* gallery */ = {
			isa = PBXNativeTarget;
			buildConfigurationList = 8C1C63931BD35B7400E158F2 /* Build configuration list for PBXNativeTarget "gallery" */;
			buildPhases = (
				8C1C63671BD35B7400E158F2 /* Sources */,
				8C1C63681BD35B7400E158F2 /* Frameworks */,
				8C1C63691BD35B7400E158F2 /* Resources */,
			);
			buildRules = (
			);
			dependencies = (
			);
			name = gallery;
			productName = gallery;
			productReference = 8C1C636B1BD35B7400E158F2 /* gallery.app */;
			productType = "com.apple.product-type.application";
		};
		8C1C637E1BD35B7400E158F2 /* galleryTests */ = {
			isa = PBXNativeTarget;
			buildConfigurationList = 8C1C63961BD35B7400E158F2 /* Build configuration list for PBXNativeTarget "galleryTests" */;
			buildPhases = (
				8C1C637B1BD35B7400E158F2 /* Sources */,
				8C1C637C1BD35B7400E158F2 /* Frameworks */,
				8C1C637D1BD35B7400E158F2 /* Resources */,
			);
			buildRules = (
			);
			dependencies = (
				8C1C63811BD35B7400E158F2 /* PBXTargetDependency */,
			);
			name = galleryTests;
			productName = galleryTests;
			productReference = 8C1C637F1BD35B7400E158F2 /* galleryTests.xctest */;
			productType = "com.apple.product-type.bundle.unit-test";
		};
		8C1C63891BD35B7400E158F2 /* galleryUITests */ = {
			isa = PBXNativeTarget;
			buildConfigurationList = 8C1C63991BD35B7400E158F2 /* Build configuration list for PBXNativeTarget "galleryUITests" */;
			buildPhases = (
				8C1C63861BD35B7400E158F2 /* Sources */,
				8C1C63871BD35B7400E158F2 /* Frameworks */,
				8C1C63881BD35B7400E158F2 /* Resources */,
			);
			buildRules = (
			);
			dependencies = (
				8C1C638C1BD35B7400E158F2 /* PBXTargetDependency */,
			);
			name = galleryUITests;
			productName = galleryUITests;
			productReference = 8C1C638A1BD35B7400E158F2 /* galleryUITests.xctest */;
			productType = "com.apple.product-type.bundle.ui-testing";
		};
/* End PBXNativeTarget section */

/* Begin PBXProject section */
		8C1C63631BD35B7300E158F2 /* Project object */ = {
			isa = PBXProject;
			attributes = {
				LastUpgradeCheck = 0700;
				ORGANIZATIONNAME = kira;
				TargetAttributes = {
					8C1C636A1BD35B7400E158F2 = {
						CreatedOnToolsVersion = 7.0.1;
					};
					8C1C637E1BD35B7400E158F2 = {
						CreatedOnToolsVersion = 7.0.1;
						TestTargetID = 8C1C636A1BD35B7400E158F2;
					};
					8C1C63891BD35B7400E158F2 = {
						CreatedOnToolsVersion = 7.0.1;
						TestTargetID = 8C1C636A1BD35B7400E158F2;
					};
				};
			};
			buildConfigurationList = 8C1C63661BD35B7300E158F2 /* Build configuration list for PBXProject "gallery" */;
			compatibilityVersion = "Xcode 3.2";
			developmentRegion = English;
			hasScannedForEncodings = 0;
			knownRegions = (
				en,
				Base,
			);
			mainGroup = 8C1C63621BD35B7300E158F2;
			productRefGroup = 8C1C636C1BD35B7400E158F2 /* Products */;
			projectDirPath = "";
			projectRoot = "";
			targets = (
				8C1C636A1BD35B7400E158F2 /* gallery */,
				8C1C637E1BD35B7400E158F2 /* galleryTests */,
				8C1C63891BD35B7400E158F2 /* galleryUITests */,
			);
		};
/* End PBXProject section */

/* Begin PBXResourcesBuildPhase section */
		8C1C63691BD35B7400E158F2 /* Resources */ = {
			isa = PBXResourcesBuildPhase;
			buildActionMask = 2147483647;
			files = (
				8C1C63791BD35B7400E158F2 /* LaunchScreen.storyboard in Resources */,
				8C1C63761BD35B7400E158F2 /* Assets.xcassets in Resources */,
				8C1C63741BD35B7400E158F2 /* Main.storyboard in Resources */,
			);
			runOnlyForDeploymentPostprocessing = 0;
		};
		8C1C637D1BD35B7400E158F2 /* Resources */ = {
			isa = PBXResourcesBuildPhase;
			buildActionMask = 2147483647;
			files = (
			);
			runOnlyForDeploymentPostprocessing = 0;
		};
		8C1C63881BD35B7400E158F2 /* Resources */ = {
			isa = PBXResourcesBuildPhase;
			buildActionMask = 2147483647;
			files = (
			);
			runOnlyForDeploymentPostprocessing = 0;
		};
/* End PBXResourcesBuildPhase section */

/* Begin PBXSourcesBuildPhase section */
		8C1C63671BD35B7400E158F2 /* Sources */ = {
			isa = PBXSourcesBuildPhase;
			buildActionMask = 2147483647;
			files = (
				8C1C63711BD35B7400E158F2 /* ViewController.swift in Sources */,
				8C1C636F1BD35B7400E158F2 /* AppDelegate.swift in Sources */,
			);
			runOnlyForDeploymentPostprocessing = 0;
		};
		8C1C637B1BD35B7400E158F2 /* Sources */ = {
			isa = PBXSourcesBuildPhase;
			buildActionMask = 2147483647;
			files = (
				8C1C63841BD35B7400E158F2 /* galleryTests.swift in Sources */,
			);
			runOnlyForDeploymentPostprocessing = 0;
		};
		8C1C63861BD35B7400E158F2 /* Sources */ = {
			isa = PBXSourcesBuildPhase;
			buildActionMask = 2147483647;
			files = (
				8C1C638F1BD35B7400E158F2 /* galleryUITests.swift in Sources */,
			);
			runOnlyForDeploymentPostprocessing = 0;
		};
/* End PBXSourcesBuildPhase section */

/* Begin PBXTargetDependency section */
		8C1C63811BD35B7400E158F2 /* PBXTargetDependency */ = {
			isa = PBXTargetDependency;
			target = 8C1C636A1BD35B7400E158F2 /* gallery */;
			targetProxy = 8C1C63801BD35B7400E158F2 /* PBXContainerItemProxy */;
		};
		8C1C638C1BD35B7400E158F2 /* PBXTargetDependency */ = {
			isa = PBXTargetDependency;
			target = 8C1C636A1BD35B7400E158F2 /* gallery */;
			targetProxy = 8C1C638B1BD35B7400E158F2 /* PBXContainerItemProxy */;
		};
/* End PBXTargetDependency section */

/* Begin PBXVariantGroup section */
		8C1C63721BD35B7400E158F2 /* Main.storyboard */ = {
			isa = PBXVariantGroup;
			children = (
				8C1C63731BD35B7400E158F2 /* Base */,
			);
			name = Main.storyboard;
			sourceTree = "<group>";
		};
		8C1C63771BD35B7400E158F2 /* LaunchScreen.storyboard */ = {
			isa = PBXVariantGroup;
			children = (
				8C1C63781BD35B7400E158F2 /* Base */,
			);
			name = LaunchScreen.storyboard;
			sourceTree = "<group>";
		};
/* End PBXVariantGroup section */

/* Begin XCBuildConfiguration section */
		8C1C63911BD35B7400E158F2 /* Debug */ = {
			isa = XCBuildConfiguration;
			buildSettings = {
				ALWAYS_SEARCH_USER_PATHS = NO;
				CLANG_CXX_LANGUAGE_STANDARD = "gnu++0x";
				CLANG_CXX_LIBRARY = "libc++";
				CLANG_ENABLE_MODULES = YES;
				CLANG_ENABLE_OBJC_ARC = YES;
				CLANG_WARN_BOOL_CONVERSION = YES;
				CLANG_WARN_CONSTANT_CONVERSION = YES;
				CLANG_WARN_DIRECT_OBJC_ISA_USAGE = YES_ERROR;
				CLANG_WARN_EMPTY_BODY = YES;
				CLANG_WARN_ENUM_CONVERSION = YES;
				CLANG_WARN_INT_CONVERSION = YES;
				CLANG_WARN_OBJC_ROOT_CLASS = YES_ERROR;
				CLANG_WARN_UNREACHABLE_CODE = YES;
				CLANG_WARN__DUPLICATE_METHOD_MATCH = YES;
				"CODE_SIGN_IDENTITY[sdk=iphoneos*]" = "iPhone Developer";
				COPY_PHASE_STRIP = NO;
				DEBUG_INFORMATION_FORMAT = dwarf;
				ENABLE_STRICT_OBJC_MSGSEND = YES;
				ENABLE_TESTABILITY = YES;
				GCC_C_LANGUAGE_STANDARD = gnu99;
				GCC_DYNAMIC_NO_PIC = NO;
				GCC_NO_COMMON_BLOCKS = YES;
				GCC_OPTIMIZATION_LEVEL = 0;
				GCC_PREPROCESSOR_DEFINITIONS = (
					"DEBUG=1",
					"$(inherited)",
				);
				GCC_WARN_64_TO_32_BIT_CONVERSION = YES;
				GCC_WARN_ABOUT_RETURN_TYPE = YES_ERROR;
				GCC_WARN_UNDECLARED_SELECTOR = YES;
				GCC_WARN_UNINITIALIZED_AUTOS = YES_AGGRESSIVE;
				GCC_WARN_UNUSED_FUNCTION = YES;
				GCC_WARN_UNUSED_VARIABLE = YES;
				IPHONEOS_DEPLOYMENT_TARGET = 9.0;
				MTL_ENABLE_DEBUG_INFO = YES;
				ONLY_ACTIVE_ARCH = YES;
				SDKROOT = iphoneos;
				SWIFT_OPTIMIZATION_LEVEL = "-Onone";
				TARGETED_DEVICE_FAMILY = "1,2";
			};
			name = Debug;
		};
		8C1C63921BD35B7400E158F2 /* Release */ = {
			isa = XCBuildConfiguration;
			buildSettings = {
				ALWAYS_SEARCH_USER_PATHS = NO;
				CLANG_CXX_LANGUAGE_STANDARD = "gnu++0x";
				CLANG_CXX_LIBRARY = "libc++";
				CLANG_ENABLE_MODULES = YES;
				CLANG_ENABLE_OBJC_ARC = YES;
				CLANG_WARN_BOOL_CONVERSION = YES;
				CLANG_WARN_CONSTANT_CONVERSION = YES;
				CLANG_WARN_DIRECT_OBJC_ISA_USAGE = YES_ERROR;
				CLANG_WARN_EMPTY_BODY = YES;
				CLANG_WARN_ENUM_CONVERSION = YES;
				CLANG_WARN_INT_CONVERSION = YES;
				CLANG_WARN_OBJC_ROOT_CLASS = YES_ERROR;
				CLANG_WARN_UNREACHABLE_CODE = YES;
				CLANG_WARN__DUPLICATE_METHOD_MATCH = YES;
				"CODE_SIGN_IDENTITY[sdk=iphoneos*]" = "iPhone Developer";
				COPY_PHASE_STRIP = NO;
				DEBUG_INFORMATION_FORMAT = "dwarf-with-dsym";
				ENABLE_NS_ASSERTIONS = NO;
				ENABLE_STRICT_OBJC_MSGSEND = YES;
				GCC_C_LANGUAGE_STANDARD = gnu99;
				GCC_NO_COMMON_BLOCKS = YES;
				GCC_WARN_64_TO_32_BIT_CONVERSION = YES;
				GCC_WARN_ABOUT_RETURN_TYPE = YES_ERROR;
				GCC_WARN_UNDECLARED_SELECTOR = YES;
				GCC_WARN_UNINITIALIZED_AUTOS = YES_AGGRESSIVE;
				GCC_WARN_UNUSED_FUNCTION = YES;
				GCC_WARN_UNUSED_VARIABLE = YES;
				IPHONEOS_DEPLOYMENT_TARGET = 9.0;
				MTL_ENABLE_DEBUG_INFO = NO;
				SDKROOT = iphoneos;
				TARGETED_DEVICE_FAMILY = "1,2";
				VALIDATE_PRODUCT = YES;
			};
			name = Release;
		};
		8C1C63941BD35B7400E158F2 /* Debug */ = {
			isa = XCBuildConfiguration;
			buildSettings = {
				ASSETCATALOG_COMPILER_APPICON_NAME = AppIcon;
				INFOPLIST_FILE = gallery/Info.plist;
				LD_RUNPATH_SEARCH_PATHS = "$(inherited) @executable_path/Frameworks";
				PRODUCT_BUNDLE_IDENTIFIER = com.kira.gallery;
				PRODUCT_NAME = "$(TARGET_NAME)";
			};
			name = Debug;
		};
		8C1C63951BD35B7400E158F2 /* Release */ = {
			isa = XCBuildConfiguration;
			buildSettings = {
				ASSETCATALOG_COMPILER_APPICON_NAME = AppIcon;
				INFOPLIST_FILE = gallery/Info.plist;
				LD_RUNPATH_SEARCH_PATHS = "$(inherited) @executable_path/Frameworks";
				PRODUCT_BUNDLE_IDENTIFIER = com.kira.gallery;
				PRODUCT_NAME = "$(TARGET_NAME)";
			};
			name = Release;
		};
		8C1C63971BD35B7400E158F2 /* Debug */ = {
			isa = XCBuildConfiguration;
			buildSettings = {
				BUNDLE_LOADER = "$(TEST_HOST)";
				INFOPLIST_FILE = galleryTests/Info.plist;
				LD_RUNPATH_SEARCH_PATHS = "$(inherited) @executable_path/Frameworks @loader_path/Frameworks";
				PRODUCT_BUNDLE_IDENTIFIER = com.kira.galleryTests;
				PRODUCT_NAME = "$(TARGET_NAME)";
				TEST_HOST = "$(BUILT_PRODUCTS_DIR)/gallery.app/gallery";
			};
			name = Debug;
		};
		8C1C63981BD35B7400E158F2 /* Release */ = {
			isa = XCBuildConfiguration;
			buildSettings = {
				BUNDLE_LOADER = "$(TEST_HOST)";
				INFOPLIST_FILE = galleryTests/Info.plist;
				LD_RUNPATH_SEARCH_PATHS = "$(inherited) @executable_path/Frameworks @loader_path/Frameworks";
				PRODUCT_BUNDLE_IDENTIFIER = com.kira.galleryTests;
				PRODUCT_NAME = "$(TARGET_NAME)";
				TEST_HOST = "$(BUILT_PRODUCTS_DIR)/gallery.app/gallery";
			};
			name = Release;
		};
		8C1C639A1BD35B7400E158F2 /* Debug */ = {
			isa = XCBuildConfiguration;
			buildSettings = {
				INFOPLIST_FILE = galleryUITests/Info.plist;
				LD_RUNPATH_SEARCH_PATHS = "$(inherited) @executable_path/Frameworks @loader_path/Frameworks";
				PRODUCT_BUNDLE_IDENTIFIER = com.kira.galleryUITests;
				PRODUCT_NAME = "$(TARGET_NAME)";
				TEST_TARGET_NAME = gallery;
				USES_XCTRUNNER = YES;
			};
			name = Debug;
		};
		8C1C639B1BD35B7400E158F2 /* Release */ = {
			isa = XCBuildConfiguration;
			buildSettings = {
				INFOPLIST_FILE = galleryUITests/Info.plist;
				LD_RUNPATH_SEARCH_PATHS = "$(inherited) @executable_path/Frameworks @loader_path/Frameworks";
				PRODUCT_BUNDLE_IDENTIFIER = com.kira.galleryUITests;
				PRODUCT_NAME = "$(TARGET_NAME)";
				TEST_TARGET_NAME = gallery;
				USES_XCTRUNNER = YES;
			};
			name = Release;
		};
/* End XCBuildConfiguration section */

/* Begin XCConfigurationList section */
		8C1C63661BD35B7300E158F2 /* Build configuration list for PBXProject "gallery" */ = {
			isa = XCConfigurationList;
			buildConfigurations = (
				8C1C63911BD35B7400E158F2 /* Debug */,
				8C1C63921BD35B7400E158F2 /* Release */,
			);
			defaultConfigurationIsVisible = 0;
			defaultConfigurationName = Release;
		};
		8C1C63931BD35B7400E158F2 /* Build configuration list for PBXNativeTarget "gallery" */ = {
			isa = XCConfigurationList;
			buildConfigurations = (
				8C1C63941BD35B7400E158F2 /* Debug */,
				8C1C63951BD35B7400E158F2 /* Release */,
			);
			defaultConfigurationIsVisible = 0;
		};
		8C1C63961BD35B7400E158F2 /* Build configuration list for PBXNativeTarget "galleryTests" */ = {
			isa = XCConfigurationList;
			buildConfigurations = (
				8C1C63971BD35B7400E158F2 /* Debug */,
				8C1C63981BD35B7400E158F2 /* Release */,
			);
			defaultConfigurationIsVisible = 0;
		};
		8C1C63991BD35B7400E158F2 /* Build configuration list for PBXNativeTarget "galleryUITests" */ = {
			isa = XCConfigurationList;
			buildConfigurations = (
				8C1C639A1BD35B7400E158F2 /* Debug */,
				8C1C639B1BD35B7400E158F2 /* Release */,
			);
			defaultConfigurationIsVisible = 0;
		};
/* End XCConfigurationList section */
	};
	rootObject = 8C1C63631BD35B7300E158F2 /* Project object */;
}
